# THIS IS AN AUTOGENERATED FILE. DO NOT EDIT THIS FILE DIRECTLY.
# yarn lockfile v1


error@^7.2.1:
  version "7.2.1"
  resolved "https://registry.yarnpkg.com/error/-/error-7.2.1.tgz#eab21a4689b5f684fc83da84a0e390de82d94894"
  integrity sha512-fo9HBvWnx3NGUKMvMwB/CBCMMrfEJgbDTVDEkPygA3Bdd3lM1OyCd+rbQ8BwnpF6GdVeOLDNmyL4N5Bg80ZvdA==
  dependencies:
    string-template "~0.2.1"

string-template@~0.2.1:
  version "0.2.1"
  resolved "https://registry.yarnpkg.com/string-template/-/string-template-0.2.1.tgz#42932e598a352d01fc22ec3367d9d84eec6c9add"
  integrity sha1-QpMuWYo1LQH8IuwzZ9nYTuxsmt0=
